
Microsoft Visual Studio Solution File, Format Version 12.00
# Visual Studio 15
VisualStudioVersion = 15.0.26124.0
MinimumVisualStudioVersion = 15.0.26124.0
Project("{2150E333-8FDC-42A3-9474-1A3956D46DE8}") = "src", "src", "{A3FED641-E9EE-43D5-9E14-C3F5D0EBF3EA}"
EndProject
Project("{F2A71F9B-5D33-465A-A702-920D77279786}") = "Markdig.Extensions.Literate", "src\Markdig.Extensions.Literate\Markdig.Extensions.Literate.fsproj", "{0AE1DA72-EC1F-4836-BA95-2BECD0242FD1}"
EndProject
Project("{F2A71F9B-5D33-465A-A702-920D77279786}") = "Markdig.Extensions.Literate.FSharp", "src\Markdig.Extensions.Literate.FSharp\Markdig.Extensions.Literate.FSharp.fsproj", "{8E6A4568-E36E-4A9D-8C40-C7D5BEEF76B6}"
EndProject
Project("{F2A71F9B-5D33-465A-A702-920D77279786}") = "tests", "tests\tests.fsproj", "{EF06BA23-5721-433D-B8A6-61B503F96E2B}"
EndProject
Global
	GlobalSection(SolutionConfigurationPlatforms) = preSolution
		Debug|Any CPU = Debug|Any CPU
		Debug|x64 = Debug|x64
		Debug|x86 = Debug|x86
		Release|Any CPU = Release|Any CPU
		Release|x64 = Release|x64
		Release|x86 = Release|x86
	EndGlobalSection
	GlobalSection(SolutionProperties) = preSolution
		HideSolutionNode = FALSE
	EndGlobalSection
	GlobalSection(ProjectConfigurationPlatforms) = postSolution
		{0AE1DA72-EC1F-4836-BA95-2BECD0242FD1}.Debug|Any CPU.ActiveCfg = Debug|Any CPU
		{0AE1DA72-EC1F-4836-BA95-2BECD0242FD1}.Debug|Any CPU.Build.0 = Debug|Any CPU
		{0AE1DA72-EC1F-4836-BA95-2BECD0242FD1}.Debug|x64.ActiveCfg = Debug|Any CPU
		{0AE1DA72-EC1F-4836-BA95-2BECD0242FD1}.Debug|x64.Build.0 = Debug|Any CPU
		{0AE1DA72-EC1F-4836-BA95-2BECD0242FD1}.Debug|x86.ActiveCfg = Debug|Any CPU
		{0AE1DA72-EC1F-4836-BA95-2BECD0242FD1}.Debug|x86.Build.0 = Debug|Any CPU
		{0AE1DA72-EC1F-4836-BA95-2BECD0242FD1}.Release|Any CPU.ActiveCfg = Release|Any CPU
		{0AE1DA72-EC1F-4836-BA95-2BECD0242FD1}.Release|Any CPU.Build.0 = Release|Any CPU
		{0AE1DA72-EC1F-4836-BA95-2BECD0242FD1}.Release|x64.ActiveCfg = Release|Any CPU
		{0AE1DA72-EC1F-4836-BA95-2BECD0242FD1}.Release|x64.Build.0 = Release|Any CPU
		{0AE1DA72-EC1F-4836-BA95-2BECD0242FD1}.Release|x86.ActiveCfg = Release|Any CPU
		{0AE1DA72-EC1F-4836-BA95-2BECD0242FD1}.Release|x86.Build.0 = Release|Any CPU
		{8E6A4568-E36E-4A9D-8C40-C7D5BEEF76B6}.Debug|Any CPU.ActiveCfg = Debug|Any CPU
		{8E6A4568-E36E-4A9D-8C40-C7D5BEEF76B6}.Debug|Any CPU.Build.0 = Debug|Any CPU
		{8E6A4568-E36E-4A9D-8C40-C7D5BEEF76B6}.Debug|x64.ActiveCfg = Debug|Any CPU
		{8E6A4568-E36E-4A9D-8C40-C7D5BEEF76B6}.Debug|x64.Build.0 = Debug|Any CPU
		{8E6A4568-E36E-4A9D-8C40-C7D5BEEF76B6}.Debug|x86.ActiveCfg = Debug|Any CPU
		{8E6A4568-E36E-4A9D-8C40-C7D5BEEF76B6}.Debug|x86.Build.0 = Debug|Any CPU
		{8E6A4568-E36E-4A9D-8C40-C7D5BEEF76B6}.Release|Any CPU.ActiveCfg = Release|Any CPU
		{8E6A4568-E36E-4A9D-8C40-C7D5BEEF76B6}.Release|Any CPU.Build.0 = Release|Any CPU
		{8E6A4568-E36E-4A9D-8C40-C7D5BEEF76B6}.Release|x64.ActiveCfg = Release|Any CPU
		{8E6A4568-E36E-4A9D-8C40-C7D5BEEF76B6}.Release|x64.Build.0 = Release|Any CPU
		{8E6A4568-E36E-4A9D-8C40-C7D5BEEF76B6}.Release|x86.ActiveCfg = Release|Any CPU
		{8E6A4568-E36E-4A9D-8C40-C7D5BEEF76B6}.Release|x86.Build.0 = Release|Any CPU
		{EF06BA23-5721-433D-B8A6-61B503F96E2B}.Debug|Any CPU.ActiveCfg = Debug|Any CPU
		{EF06BA23-5721-433D-B8A6-61B503F96E2B}.Debug|Any CPU.Build.0 = Debug|Any CPU
		{EF06BA23-5721-433D-B8A6-61B503F96E2B}.Debug|x64.ActiveCfg = Debug|Any CPU
		{EF06BA23-5721-433D-B8A6-61B503F96E2B}.Debug|x64.Build.0 = Debug|Any CPU
		{EF06BA23-5721-433D-B8A6-61B503F96E2B}.Debug|x86.ActiveCfg = Debug|Any CPU
		{EF06BA23-5721-433D-B8A6-61B503F96E2B}.Debug|x86.Build.0 = Debug|Any CPU
		{EF06BA23-5721-433D-B8A6-61B503F96E2B}.Release|Any CPU.ActiveCfg = Release|Any CPU
		{EF06BA23-5721-433D-B8A6-61B503F96E2B}.Release|Any CPU.Build.0 = Release|Any CPU
		{EF06BA23-5721-433D-B8A6-61B503F96E2B}.Release|x64.ActiveCfg = Release|Any CPU
		{EF06BA23-5721-433D-B8A6-61B503F96E2B}.Release|x64.Build.0 = Release|Any CPU
		{EF06BA23-5721-433D-B8A6-61B503F96E2B}.Release|x86.ActiveCfg = Release|Any CPU
		{EF06BA23-5721-433D-B8A6-61B503F96E2B}.Release|x86.Build.0 = Release|Any CPU
	EndGlobalSection
	GlobalSection(NestedProjects) = preSolution
		{0AE1DA72-EC1F-4836-BA95-2BECD0242FD1} = {A3FED641-E9EE-43D5-9E14-C3F5D0EBF3EA}
		{8E6A4568-E36E-4A9D-8C40-C7D5BEEF76B6} = {A3FED641-E9EE-43D5-9E14-C3F5D0EBF3EA}
	EndGlobalSection
EndGlobal
